
Microsoft Visual Studio Solution File, Format Version 12.00
# Visual Studio Version 16
VisualStudioVersion = 16.0.29209.62
MinimumVisualStudioVersion = 10.0.40219.1
Project("{FAE04EC0-301F-11D3-BF4B-00C04F79EFBC}") = "TimeTable", "TimeTable.csproj", "{0BD299D5-5481-4429-BD0B-349B5486D40D}"
EndProject
Project("{FAE04EC0-301F-11D3-BF4B-00C04F79EFBC}") = "TimeTable.Tests", "..\TimeTable.Tests\TimeTable.Tests.csproj", "{1E7DB804-0B6F-4CDA-8458-BC40D7AD1DE9}"
EndProject
Project("{FAE04EC0-301F-11D3-BF4B-00C04F79EFBC}") = "AttendanceAPISync", "..\AttendanceAPISync\AttendanceAPISync.csproj", "{1BCDCD19-7C0B-46FB-AE92-B894A2FD65CD}"
EndProject
Global
	GlobalSection(SolutionConfigurationPlatforms) = preSolution
		Debug|Any CPU = Debug|Any CPU
		Release|Any CPU = Release|Any CPU
	EndGlobalSection
	GlobalSection(ProjectConfigurationPlatforms) = postSolution
		{0BD299D5-5481-4429-BD0B-349B5486D40D}.Debug|Any CPU.ActiveCfg = Debug|Any CPU
		{0BD299D5-5481-4429-BD0B-349B5486D40D}.Debug|Any CPU.Build.0 = Debug|Any CPU
		{0BD299D5-5481-4429-BD0B-349B5486D40D}.Release|Any CPU.ActiveCfg = Release|Any CPU
		{0BD299D5-5481-4429-BD0B-349B5486D40D}.Release|Any CPU.Build.0 = Release|Any CPU
		{1E7DB804-0B6F-4CDA-8458-BC40D7AD1DE9}.Debug|Any CPU.ActiveCfg = Debug|Any CPU
		{1E7DB804-0B6F-4CDA-8458-BC40D7AD1DE9}.Debug|Any CPU.Build.0 = Debug|Any CPU
		{1E7DB804-0B6F-4CDA-8458-BC40D7AD1DE9}.Release|Any CPU.ActiveCfg = Release|Any CPU
		{1E7DB804-0B6F-4CDA-8458-BC40D7AD1DE9}.Release|Any CPU.Build.0 = Release|Any CPU
		{1BCDCD19-7C0B-46FB-AE92-B894A2FD65CD}.Debug|Any CPU.ActiveCfg = Debug|Any CPU
		{1BCDCD19-7C0B-46FB-AE92-B894A2FD65CD}.Debug|Any CPU.Build.0 = Debug|Any CPU
		{1BCDCD19-7C0B-46FB-AE92-B894A2FD65CD}.Release|Any CPU.ActiveCfg = Release|Any CPU
		{1BCDCD19-7C0B-46FB-AE92-B894A2FD65CD}.Release|Any CPU.Build.0 = Release|Any CPU
	EndGlobalSection
	GlobalSection(SolutionProperties) = preSolution
		HideSolutionNode = FALSE
	EndGlobalSection
	GlobalSection(ExtensibilityGlobals) = postSolution
		SolutionGuid = {570891F0-B740-481A-B875-79C49893F298}
	EndGlobalSection
EndGlobal
